
Microsoft Visual Studio Solution File, Format Version 12.00
# Visual Studio Version 17
VisualStudioVersion = 17.4.33205.214
MinimumVisualStudioVersion = 10.0.40219.1
Project("{FAE04EC0-301F-11D3-BF4B-00C04F79EFBC}") = "Back1", "Back1\Back1.csproj", "{89060438-954A-4AA7-BE74-E187BE28CB7B}"
EndProject
Global
	GlobalSection(SolutionConfigurationPlatforms) = preSolution
		Debug|Any CPU = Debug|Any CPU
		Release|Any CPU = Release|Any CPU
	EndGlobalSection
	GlobalSection(ProjectConfigurationPlatforms) = postSolution
		{89060438-954A-4AA7-BE74-E187BE28CB7B}.Debug|Any CPU.ActiveCfg = Debug|Any CPU
		{89060438-954A-4AA7-BE74-E187BE28CB7B}.Debug|Any CPU.Build.0 = Debug|Any CPU
		{89060438-954A-4AA7-BE74-E187BE28CB7B}.Release|Any CPU.ActiveCfg = Release|Any CPU
		{89060438-954A-4AA7-BE74-E187BE28CB7B}.Release|Any CPU.Build.0 = Release|Any CPU
	EndGlobalSection
	GlobalSection(SolutionProperties) = preSolution
		HideSolutionNode = FALSE
	EndGlobalSection
	GlobalSection(ExtensibilityGlobals) = postSolution
		SolutionGuid = {E3DEE7FD-B9BD-4797-946C-2D656DD46ED3}
	EndGlobalSection
EndGlobal
